
Microsoft Visual Studio Solution File, Format Version 12.00
# Visual Studio 15
VisualStudioVersion = 15.0.27703.2026
MinimumVisualStudioVersion = 10.0.40219.1
Project("{FAE04EC0-301F-11D3-BF4B-00C04F79EFBC}") = "Rtc", "Rtc\Rtc.csproj", "{A5C418C0-52FA-4CC2-BA8F-89C48BD8C6E8}"
EndProject
Global
	GlobalSection(SolutionConfigurationPlatforms) = preSolution
		Debug|Any CPU = Debug|Any CPU
		Release|Any CPU = Release|Any CPU
	EndGlobalSection
	GlobalSection(ProjectConfigurationPlatforms) = postSolution
		{A5C418C0-52FA-4CC2-BA8F-89C48BD8C6E8}.Debug|Any CPU.ActiveCfg = Debug|Any CPU
		{A5C418C0-52FA-4CC2-BA8F-89C48BD8C6E8}.Debug|Any CPU.Build.0 = Debug|Any CPU
		{A5C418C0-52FA-4CC2-BA8F-89C48BD8C6E8}.Release|Any CPU.ActiveCfg = Release|Any CPU
		{A5C418C0-52FA-4CC2-BA8F-89C48BD8C6E8}.Release|Any CPU.Build.0 = Release|Any CPU
	EndGlobalSection
	GlobalSection(SolutionProperties) = preSolution
		HideSolutionNode = FALSE
	EndGlobalSection
	GlobalSection(ExtensibilityGlobals) = postSolution
		SolutionGuid = {ACBAD116-1363-4C7C-AF8F-3401F2C1DA0E}
	EndGlobalSection
EndGlobal
